
Microsoft Visual Studio Solution File, Format Version 12.00
# Visual Studio Version 17
VisualStudioVersion = 17.14.36616.10
MinimumVisualStudioVersion = 10.0.40219.1
Project("{FAE04EC0-301F-11D3-BF4B-00C04F79EFBC}") = "ReporteDeIncidenciasDESIMvc", "ReporteDeIncidenciasDESIMvc\ReporteDeIncidenciasDESIMvc.csproj", "{21E365EB-7A5F-48B1-8000-D7B764B3C539}"
EndProject
Project("{FAE04EC0-301F-11D3-BF4B-00C04F79EFBC}") = "ReporteDeIncidenciasDESIWebApi", "ReporteDeIncidenciasDESIWebApi\ReporteDeIncidenciasDESIWebApi.csproj", "{2907CE55-A0A0-41D8-AF1B-8ACE03B54459}"
EndProject
Project("{2150E333-8FDC-42A3-9474-1A3956D46DE8}") = "Front", "Front", "{02EA681E-C7D8-13C7-8484-4AC65E1B71E8}"
EndProject
Project("{2150E333-8FDC-42A3-9474-1A3956D46DE8}") = "Back", "Back", "{FCBB3A0A-A44F-47BA-9C97-1CA9A9217948}"
EndProject
Project("{2150E333-8FDC-42A3-9474-1A3956D46DE8}") = "InfrastructureCommon", "InfrastructureCommon", "{D5A33161-82B0-4F76-8316-559BCC7CB486}"
EndProject
Project("{2150E333-8FDC-42A3-9474-1A3956D46DE8}") = "DomainCommonModel", "DomainCommonModel", "{79FC858B-1139-4AC2-B74A-9B071D99B6CF}"
EndProject
Project("{2150E333-8FDC-42A3-9474-1A3956D46DE8}") = "Autentication", "Autentication", "{9D5E11BD-E7AA-461B-B144-E2133D70EFB8}"
EndProject
Project("{2150E333-8FDC-42A3-9474-1A3956D46DE8}") = "Helpers", "Helpers", "{7D0FE94F-C09A-4B62-9BC7-7CE1EA7A94DE}"
EndProject
Project("{FAE04EC0-301F-11D3-BF4B-00C04F79EFBC}") = "SqlProxy", "SqlProxy\SqlProxy.csproj", "{6B5124EB-B5B9-4DFE-B5E3-B8C1BF125A40}"
EndProject
Project("{FAE04EC0-301F-11D3-BF4B-00C04F79EFBC}") = "Common.Domain", "Common.Domain\Common.Domain.csproj", "{DE1657BC-13A9-420D-BBC3-A83E6121304F}"
EndProject
Project("{2150E333-8FDC-42A3-9474-1A3956D46DE8}") = "Application", "Application", "{0AC13C2D-E2E7-49E7-AAB1-5CCE6BBF2744}"
EndProject
Project("{2150E333-8FDC-42A3-9474-1A3956D46DE8}") = "DomainModel", "DomainModel", "{2C2F2721-DB93-45FC-B823-A282ACFE492A}"
EndProject
Project("{2150E333-8FDC-42A3-9474-1A3956D46DE8}") = "Infrastructure", "Infrastructure", "{C59FE110-A5C6-466F-A37C-3F99F7F5BF71}"
EndProject
Project("{2150E333-8FDC-42A3-9474-1A3956D46DE8}") = "Messages", "Messages", "{CCEB1CF5-B7A9-4C58-A6DC-8233B88071E8}"
EndProject
Project("{FAE04EC0-301F-11D3-BF4B-00C04F79EFBC}") = "User.Proxy", "User.Proxy\User.Proxy.csproj", "{9D51366F-E30D-4815-95A2-0BAA361C2759}"
EndProject
Project("{FAE04EC0-301F-11D3-BF4B-00C04F79EFBC}") = "User.Domain", "User.Domain\User.Domain.csproj", "{7E00D4B5-8CAF-47D7-AADC-2284125CE685}"
EndProject
Project("{FAE04EC0-301F-11D3-BF4B-00C04F79EFBC}") = "User.Application", "User.Application\User.Application.csproj", "{2F4C48A1-1ABA-4106-8B64-0A0CB1280337}"
EndProject
Global
	GlobalSection(SolutionConfigurationPlatforms) = preSolution
		Debug|Any CPU = Debug|Any CPU
		Release|Any CPU = Release|Any CPU
	EndGlobalSection
	GlobalSection(ProjectConfigurationPlatforms) = postSolution
		{21E365EB-7A5F-48B1-8000-D7B764B3C539}.Debug|Any CPU.ActiveCfg = Debug|Any CPU
		{21E365EB-7A5F-48B1-8000-D7B764B3C539}.Debug|Any CPU.Build.0 = Debug|Any CPU
		{21E365EB-7A5F-48B1-8000-D7B764B3C539}.Release|Any CPU.ActiveCfg = Release|Any CPU
		{21E365EB-7A5F-48B1-8000-D7B764B3C539}.Release|Any CPU.Build.0 = Release|Any CPU
		{2907CE55-A0A0-41D8-AF1B-8ACE03B54459}.Debug|Any CPU.ActiveCfg = Debug|Any CPU
		{2907CE55-A0A0-41D8-AF1B-8ACE03B54459}.Debug|Any CPU.Build.0 = Debug|Any CPU
		{2907CE55-A0A0-41D8-AF1B-8ACE03B54459}.Release|Any CPU.ActiveCfg = Release|Any CPU
		{2907CE55-A0A0-41D8-AF1B-8ACE03B54459}.Release|Any CPU.Build.0 = Release|Any CPU
		{6B5124EB-B5B9-4DFE-B5E3-B8C1BF125A40}.Debug|Any CPU.ActiveCfg = Debug|Any CPU
		{6B5124EB-B5B9-4DFE-B5E3-B8C1BF125A40}.Debug|Any CPU.Build.0 = Debug|Any CPU
		{6B5124EB-B5B9-4DFE-B5E3-B8C1BF125A40}.Release|Any CPU.ActiveCfg = Release|Any CPU
		{6B5124EB-B5B9-4DFE-B5E3-B8C1BF125A40}.Release|Any CPU.Build.0 = Release|Any CPU
		{DE1657BC-13A9-420D-BBC3-A83E6121304F}.Debug|Any CPU.ActiveCfg = Debug|Any CPU
		{DE1657BC-13A9-420D-BBC3-A83E6121304F}.Debug|Any CPU.Build.0 = Debug|Any CPU
		{DE1657BC-13A9-420D-BBC3-A83E6121304F}.Release|Any CPU.ActiveCfg = Release|Any CPU
		{DE1657BC-13A9-420D-BBC3-A83E6121304F}.Release|Any CPU.Build.0 = Release|Any CPU
		{9D51366F-E30D-4815-95A2-0BAA361C2759}.Debug|Any CPU.ActiveCfg = Debug|Any CPU
		{9D51366F-E30D-4815-95A2-0BAA361C2759}.Debug|Any CPU.Build.0 = Debug|Any CPU
		{9D51366F-E30D-4815-95A2-0BAA361C2759}.Release|Any CPU.ActiveCfg = Release|Any CPU
		{9D51366F-E30D-4815-95A2-0BAA361C2759}.Release|Any CPU.Build.0 = Release|Any CPU
		{7E00D4B5-8CAF-47D7-AADC-2284125CE685}.Debug|Any CPU.ActiveCfg = Debug|Any CPU
		{7E00D4B5-8CAF-47D7-AADC-2284125CE685}.Debug|Any CPU.Build.0 = Debug|Any CPU
		{7E00D4B5-8CAF-47D7-AADC-2284125CE685}.Release|Any CPU.ActiveCfg = Release|Any CPU
		{7E00D4B5-8CAF-47D7-AADC-2284125CE685}.Release|Any CPU.Build.0 = Release|Any CPU
		{2F4C48A1-1ABA-4106-8B64-0A0CB1280337}.Debug|Any CPU.ActiveCfg = Debug|Any CPU
		{2F4C48A1-1ABA-4106-8B64-0A0CB1280337}.Debug|Any CPU.Build.0 = Debug|Any CPU
		{2F4C48A1-1ABA-4106-8B64-0A0CB1280337}.Release|Any CPU.ActiveCfg = Release|Any CPU
		{2F4C48A1-1ABA-4106-8B64-0A0CB1280337}.Release|Any CPU.Build.0 = Release|Any CPU
	EndGlobalSection
	GlobalSection(SolutionProperties) = preSolution
		HideSolutionNode = FALSE
	EndGlobalSection
	GlobalSection(NestedProjects) = preSolution
		{21E365EB-7A5F-48B1-8000-D7B764B3C539} = {02EA681E-C7D8-13C7-8484-4AC65E1B71E8}
		{2907CE55-A0A0-41D8-AF1B-8ACE03B54459} = {FCBB3A0A-A44F-47BA-9C97-1CA9A9217948}
		{D5A33161-82B0-4F76-8316-559BCC7CB486} = {FCBB3A0A-A44F-47BA-9C97-1CA9A9217948}
		{79FC858B-1139-4AC2-B74A-9B071D99B6CF} = {FCBB3A0A-A44F-47BA-9C97-1CA9A9217948}
		{9D5E11BD-E7AA-461B-B144-E2133D70EFB8} = {FCBB3A0A-A44F-47BA-9C97-1CA9A9217948}
		{7D0FE94F-C09A-4B62-9BC7-7CE1EA7A94DE} = {D5A33161-82B0-4F76-8316-559BCC7CB486}
		{6B5124EB-B5B9-4DFE-B5E3-B8C1BF125A40} = {7D0FE94F-C09A-4B62-9BC7-7CE1EA7A94DE}
		{DE1657BC-13A9-420D-BBC3-A83E6121304F} = {79FC858B-1139-4AC2-B74A-9B071D99B6CF}
		{0AC13C2D-E2E7-49E7-AAB1-5CCE6BBF2744} = {9D5E11BD-E7AA-461B-B144-E2133D70EFB8}
		{2C2F2721-DB93-45FC-B823-A282ACFE492A} = {9D5E11BD-E7AA-461B-B144-E2133D70EFB8}
		{C59FE110-A5C6-466F-A37C-3F99F7F5BF71} = {9D5E11BD-E7AA-461B-B144-E2133D70EFB8}
		{CCEB1CF5-B7A9-4C58-A6DC-8233B88071E8} = {9D5E11BD-E7AA-461B-B144-E2133D70EFB8}
		{9D51366F-E30D-4815-95A2-0BAA361C2759} = {C59FE110-A5C6-466F-A37C-3F99F7F5BF71}
		{7E00D4B5-8CAF-47D7-AADC-2284125CE685} = {2C2F2721-DB93-45FC-B823-A282ACFE492A}
		{2F4C48A1-1ABA-4106-8B64-0A0CB1280337} = {0AC13C2D-E2E7-49E7-AAB1-5CCE6BBF2744}
	EndGlobalSection
	GlobalSection(ExtensibilityGlobals) = postSolution
		SolutionGuid = {3E50857D-89CB-485D-9315-7D485F3EF6E1}
	EndGlobalSection
EndGlobal
